// !$*UTF8*$!
{
	archiveVersion = 1;
	classes = {
	};
	objectVersion = 77;
	objects = {

/* Begin PBXBuildFile section */
		484212C32E0B8F56001390A9 /* GoogleMobileAds in Frameworks */ = {isa = PBXBuildFile; productRef = 484212C22E0B8F56001390A9 /* GoogleMobileAds */; };
		4858EF362E12F56E0085BE55 /* OpenCV in Frameworks */ = {isa = PBXBuildFile; productRef = 4858EF352E12F56E0085BE55 /* OpenCV */; };
/* End PBXBuildFile section */

/* Begin PBXContainerItemProxy section */
		48D637A12E0A0D0900133751 /* PBXContainerItemProxy */ = {
			isa = PBXContainerItemProxy;
			containerPortal = 48D637872E0A0D0800133751 /* Project object */;
			proxyType = 1;
			remoteGlobalIDString = 48D6378E2E0A0D0800133751;
			remoteInfo = BodyLapse;
		};
		48D637AB2E0A0D0900133751 /* PBXContainerItemProxy */ = {
			isa = PBXContainerItemProxy;
			containerPortal = 48D637872E0A0D0800133751 /* Project object */;
			proxyType = 1;
			remoteGlobalIDString = 48D6378E2E0A0D0800133751;
			remoteInfo = BodyLapse;
		};
/* End PBXContainerItemProxy section */

/* Begin PBXFileReference section */
		4858EF2A2E12F14E0085BE55 /* opencv2_ios.framework */ = {isa = PBXFileReference; lastKnownFileType = wrapper.framework; name = opencv2_ios.framework; path = Frameworks/opencv2_ios.framework; sourceTree = "<group>"; };
		48D6378F2E0A0D0800133751 /* BodyLapse.app */ = {isa = PBXFileReference; explicitFileType = wrapper.application; includeInIndex = 0; path = BodyLapse.app; sourceTree = BUILT_PRODUCTS_DIR; };
		48D637A02E0A0D0900133751 /* BodyLapseTests.xctest */ = {isa = PBXFileReference; explicitFileType = wrapper.cfbundle; includeInIndex = 0; path = BodyLapseTests.xctest; sourceTree = BUILT_PRODUCTS_DIR; };
		48D637AA2E0A0D0900133751 /* BodyLapseUITests.xctest */ = {isa = PBXFileReference; explicitFileType = wrapper.cfbundle; includeInIndex = 0; path = BodyLapseUITests.xctest; sourceTree = BUILT_PRODUCTS_DIR; };
/* End PBXFileReference section */

/* Begin PBXFileSystemSynchronizedBuildFileExceptionSet section */
		48D637E22E0A1C2F00133751 /* Exceptions for "BodyLapse" folder in "BodyLapse" target */ = {
			isa = PBXFileSystemSynchronizedBuildFileExceptionSet;
			membershipExceptions = (
				Info.plist,
			);
			target = 48D6378E2E0A0D0800133751 /* BodyLapse */;
		};
/* End PBXFileSystemSynchronizedBuildFileExceptionSet section */

/* Begin PBXFileSystemSynchronizedRootGroup section */
		48D637912E0A0D0800133751 /* BodyLapse */ = {
			isa = PBXFileSystemSynchronizedRootGroup;
			exceptions = (
				48D637E22E0A1C2F00133751 /* Exceptions for "BodyLapse" folder in "BodyLapse" target */,
			);
			path = BodyLapse;
			sourceTree = "<group>";
		};
		48D637A32E0A0D0900133751 /* BodyLapseTests */ = {
			isa = PBXFileSystemSynchronizedRootGroup;
			path = BodyLapseTests;
			sourceTree = "<group>";
		};
		48D637AD2E0A0D0900133751 /* BodyLapseUITests */ = {
			isa = PBXFileSystemSynchronizedRootGroup;
			path = BodyLapseUITests;
			sourceTree = "<group>";
		};
/* End PBXFileSystemSynchronizedRootGroup section */

/* Begin PBXFrameworksBuildPhase section */
		48D6378C2E0A0D0800133751 /* Frameworks */ = {
			isa = PBXFrameworksBuildPhase;
			buildActionMask = 2147483647;
			files = (
				484212C32E0B8F56001390A9 /* GoogleMobileAds in Frameworks */,
				4858EF362E12F56E0085BE55 /* OpenCV in Frameworks */,
			);
			runOnlyForDeploymentPostprocessing = 0;
		};
		48D6379D2E0A0D0900133751 /* Frameworks */ = {
			isa = PBXFrameworksBuildPhase;
			buildActionMask = 2147483647;
			files = (
			);
			runOnlyForDeploymentPostprocessing = 0;
		};
		48D637A72E0A0D0900133751 /* Frameworks */ = {
			isa = PBXFrameworksBuildPhase;
			buildActionMask = 2147483647;
			files = (
			);
			runOnlyForDeploymentPostprocessing = 0;
		};
/* End PBXFrameworksBuildPhase section */

/* Begin PBXGroup section */
		484212C12E0B8F56001390A9 /* Frameworks */ = {
			isa = PBXGroup;
			children = (
				4858EF2A2E12F14E0085BE55 /* opencv2_ios.framework */,
			);
			name = Frameworks;
			sourceTree = "<group>";
		};
		48D637862E0A0D0800133751 = {
			isa = PBXGroup;
			children = (
				48D637912E0A0D0800133751 /* BodyLapse */,
				48D637A32E0A0D0900133751 /* BodyLapseTests */,
				48D637AD2E0A0D0900133751 /* BodyLapseUITests */,
				484212C12E0B8F56001390A9 /* Frameworks */,
				48D637902E0A0D0800133751 /* Products */,
			);
			sourceTree = "<group>";
		};
		48D637902E0A0D0800133751 /* Products */ = {
			isa = PBXGroup;
			children = (
				48D6378F2E0A0D0800133751 /* BodyLapse.app */,
				48D637A02E0A0D0900133751 /* BodyLapseTests.xctest */,
				48D637AA2E0A0D0900133751 /* BodyLapseUITests.xctest */,
			);
			name = Products;
			sourceTree = "<group>";
		};
/* End PBXGroup section */

/* Begin PBXNativeTarget section */
		48D6378E2E0A0D0800133751 /* BodyLapse */ = {
			isa = PBXNativeTarget;
			buildConfigurationList = 48D637B42E0A0D0900133751 /* Build configuration list for PBXNativeTarget "BodyLapse" */;
			buildPhases = (
				48D6378B2E0A0D0800133751 /* Sources */,
				48D6378C2E0A0D0800133751 /* Frameworks */,
				48D6378D2E0A0D0800133751 /* Resources */,
			);
			buildRules = (
			);
			dependencies = (
			);
			fileSystemSynchronizedGroups = (
				48D637912E0A0D0800133751 /* BodyLapse */,
			);
			name = BodyLapse;
			packageProductDependencies = (
				484212C22E0B8F56001390A9 /* GoogleMobileAds */,
				4858EF352E12F56E0085BE55 /* OpenCV */,
			);
			productName = BodyLapse;
			productReference = 48D6378F2E0A0D0800133751 /* BodyLapse.app */;
			productType = "com.apple.product-type.application";
		};
		48D6379F2E0A0D0900133751 /* BodyLapseTests */ = {
			isa = PBXNativeTarget;
			buildConfigurationList = 48D637B72E0A0D0900133751 /* Build configuration list for PBXNativeTarget "BodyLapseTests" */;
			buildPhases = (
				48D6379C2E0A0D0900133751 /* Sources */,
				48D6379D2E0A0D0900133751 /* Frameworks */,
				48D6379E2E0A0D0900133751 /* Resources */,
			);
			buildRules = (
			);
			dependencies = (
				48D637A22E0A0D0900133751 /* PBXTargetDependency */,
			);
			fileSystemSynchronizedGroups = (
				48D637A32E0A0D0900133751 /* BodyLapseTests */,
			);
			name = BodyLapseTests;
			packageProductDependencies = (
			);
			productName = BodyLapseTests;
			productReference = 48D637A02E0A0D0900133751 /* BodyLapseTests.xctest */;
			productType = "com.apple.product-type.bundle.unit-test";
		};
		48D637A92E0A0D0900133751 /* BodyLapseUITests */ = {
			isa = PBXNativeTarget;
			buildConfigurationList = 48D637BA2E0A0D0900133751 /* Build configuration list for PBXNativeTarget "BodyLapseUITests" */;
			buildPhases = (
				48D637A62E0A0D0900133751 /* Sources */,
				48D637A72E0A0D0900133751 /* Frameworks */,
				48D637A82E0A0D0900133751 /* Resources */,
			);
			buildRules = (
			);
			dependencies = (
				48D637AC2E0A0D0900133751 /* PBXTargetDependency */,
			);
			fileSystemSynchronizedGroups = (
				48D637AD2E0A0D0900133751 /* BodyLapseUITests */,
			);
			name = BodyLapseUITests;
			packageProductDependencies = (
			);
			productName = BodyLapseUITests;
			productReference = 48D637AA2E0A0D0900133751 /* BodyLapseUITests.xctest */;
			productType = "com.apple.product-type.bundle.ui-testing";
		};
/* End PBXNativeTarget section */

/* Begin PBXProject section */
		48D637872E0A0D0800133751 /* Project object */ = {
			isa = PBXProject;
			attributes = {
				BuildIndependentTargetsInParallel = 1;
				LastSwiftUpdateCheck = 1620;
				LastUpgradeCheck = 1620;
				TargetAttributes = {
					48D6378E2E0A0D0800133751 = {
						CreatedOnToolsVersion = 16.2;
					};
					48D6379F2E0A0D0900133751 = {
						CreatedOnToolsVersion = 16.2;
						TestTargetID = 48D6378E2E0A0D0800133751;
					};
					48D637A92E0A0D0900133751 = {
						CreatedOnToolsVersion = 16.2;
						TestTargetID = 48D6378E2E0A0D0800133751;
					};
				};
			};
			buildConfigurationList = 48D6378A2E0A0D0800133751 /* Build configuration list for PBXProject "BodyLapse" */;
			developmentRegion = en;
			hasScannedForEncodings = 0;
			knownRegions = (
				en,
				Base,
				ja,
				ko,
				es,
			);
			mainGroup = 48D637862E0A0D0800133751;
			minimizedProjectReferenceProxies = 1;
			packageReferences = (
				484212452E0B8988001390A9 /* XCRemoteSwiftPackageReference "swift-package-manager-google-mobile-ads" */,
				4858EF342E12F56E0085BE55 /* XCRemoteSwiftPackageReference "opencv-spm" */,
			);
			preferredProjectObjectVersion = 77;
			productRefGroup = 48D637902E0A0D0800133751 /* Products */;
			projectDirPath = "";
			projectRoot = "";
			targets = (
				48D6378E2E0A0D0800133751 /* BodyLapse */,
				48D6379F2E0A0D0900133751 /* BodyLapseTests */,
				48D637A92E0A0D0900133751 /* BodyLapseUITests */,
			);
		};
/* End PBXProject section */

/* Begin PBXResourcesBuildPhase section */
		48D6378D2E0A0D0800133751 /* Resources */ = {
			isa = PBXResourcesBuildPhase;
			buildActionMask = 2147483647;
			files = (
			);
			runOnlyForDeploymentPostprocessing = 0;
		};
		48D6379E2E0A0D0900133751 /* Resources */ = {
			isa = PBXResourcesBuildPhase;
			buildActionMask = 2147483647;
			files = (
			);
			runOnlyForDeploymentPostprocessing = 0;
		};
		48D637A82E0A0D0900133751 /* Resources */ = {
			isa = PBXResourcesBuildPhase;
			buildActionMask = 2147483647;
			files = (
			);
			runOnlyForDeploymentPostprocessing = 0;
		};
/* End PBXResourcesBuildPhase section */

/* Begin PBXSourcesBuildPhase section */
		48D6378B2E0A0D0800133751 /* Sources */ = {
			isa = PBXSourcesBuildPhase;
			buildActionMask = 2147483647;
			files = (
			);
			runOnlyForDeploymentPostprocessing = 0;
		};
		48D6379C2E0A0D0900133751 /* Sources */ = {
			isa = PBXSourcesBuildPhase;
			buildActionMask = 2147483647;
			files = (
			);
			runOnlyForDeploymentPostprocessing = 0;
		};
		48D637A62E0A0D0900133751 /* Sources */ = {
			isa = PBXSourcesBuildPhase;
			buildActionMask = 2147483647;
			files = (
			);
			runOnlyForDeploymentPostprocessing = 0;
		};
/* End PBXSourcesBuildPhase section */

/* Begin PBXTargetDependency section */
		48D637A22E0A0D0900133751 /* PBXTargetDependency */ = {
			isa = PBXTargetDependency;
			target = 48D6378E2E0A0D0800133751 /* BodyLapse */;
			targetProxy = 48D637A12E0A0D0900133751 /* PBXContainerItemProxy */;
		};
		48D637AC2E0A0D0900133751 /* PBXTargetDependency */ = {
			isa = PBXTargetDependency;
			target = 48D6378E2E0A0D0800133751 /* BodyLapse */;
			targetProxy = 48D637AB2E0A0D0900133751 /* PBXContainerItemProxy */;
		};
/* End PBXTargetDependency section */

/* Begin XCBuildConfiguration section */
		48D637B22E0A0D0900133751 /* Debug */ = {
			isa = XCBuildConfiguration;
			buildSettings = {
				ALWAYS_SEARCH_USER_PATHS = NO;
				ASSETCATALOG_COMPILER_GENERATE_SWIFT_ASSET_SYMBOL_EXTENSIONS = YES;
				CLANG_ANALYZER_NONNULL = YES;
				CLANG_ANALYZER_NUMBER_OBJECT_CONVERSION = YES_AGGRESSIVE;
				CLANG_CXX_LANGUAGE_STANDARD = "gnu++20";
				CLANG_ENABLE_MODULES = YES;
				CLANG_ENABLE_OBJC_ARC = YES;
				CLANG_ENABLE_OBJC_WEAK = YES;
				CLANG_WARN_BLOCK_CAPTURE_AUTORELEASING = YES;
				CLANG_WARN_BOOL_CONVERSION = YES;
				CLANG_WARN_COMMA = YES;
				CLANG_WARN_CONSTANT_CONVERSION = YES;
				CLANG_WARN_DEPRECATED_OBJC_IMPLEMENTATIONS = YES;
				CLANG_WARN_DIRECT_OBJC_ISA_USAGE = YES_ERROR;
				CLANG_WARN_DOCUMENTATION_COMMENTS = YES;
				CLANG_WARN_EMPTY_BODY = YES;
				CLANG_WARN_ENUM_CONVERSION = YES;
				CLANG_WARN_INFINITE_RECURSION = YES;
				CLANG_WARN_INT_CONVERSION = YES;
				CLANG_WARN_NON_LITERAL_NULL_CONVERSION = YES;
				CLANG_WARN_OBJC_IMPLICIT_RETAIN_SELF = YES;
				CLANG_WARN_OBJC_LITERAL_CONVERSION = YES;
				CLANG_WARN_OBJC_ROOT_CLASS = YES_ERROR;
				CLANG_WARN_QUOTED_INCLUDE_IN_FRAMEWORK_HEADER = YES;
				CLANG_WARN_RANGE_LOOP_ANALYSIS = YES;
				CLANG_WARN_STRICT_PROTOTYPES = YES;
				CLANG_WARN_SUSPICIOUS_MOVE = YES;
				CLANG_WARN_UNGUARDED_AVAILABILITY = YES_AGGRESSIVE;
				CLANG_WARN_UNREACHABLE_CODE = YES;
				CLANG_WARN__DUPLICATE_METHOD_MATCH = YES;
				COPY_PHASE_STRIP = NO;
				DEBUG_INFORMATION_FORMAT = dwarf;
				ENABLE_STRICT_OBJC_MSGSEND = YES;
				ENABLE_TESTABILITY = YES;
				ENABLE_USER_SCRIPT_SANDBOXING = YES;
				GCC_C_LANGUAGE_STANDARD = gnu17;
				GCC_DYNAMIC_NO_PIC = NO;
				GCC_NO_COMMON_BLOCKS = YES;
				GCC_OPTIMIZATION_LEVEL = 0;
				GCC_PREPROCESSOR_DEFINITIONS = (
					"DEBUG=1",
					"$(inherited)",
				);
				GCC_WARN_64_TO_32_BIT_CONVERSION = YES;
				GCC_WARN_ABOUT_RETURN_TYPE = YES_ERROR;
				GCC_WARN_UNDECLARED_SELECTOR = YES;
				GCC_WARN_UNINITIALIZED_AUTOS = YES_AGGRESSIVE;
				GCC_WARN_UNUSED_FUNCTION = YES;
				GCC_WARN_UNUSED_VARIABLE = YES;
				INFOPLIST_FILE = BodyLapse/Info.plist;
				LOCALIZATION_PREFERS_STRING_CATALOGS = YES;
				MTL_ENABLE_DEBUG_INFO = INCLUDE_SOURCE;
				MTL_FAST_MATH = YES;
				ONLY_ACTIVE_ARCH = YES;
				SWIFT_ACTIVE_COMPILATION_CONDITIONS = "DEBUG $(inherited)";
				SWIFT_OBJC_BRIDGING_HEADER = "BodyLapse/BodyLapse-Bridging-Header.h";
				"SWIFT_OBJC_BRIDGING_HEADER[arch=*]" = "";
				SWIFT_OPTIMIZATION_LEVEL = "-Onone";
			};
			name = Debug;
		};
		48D637B32E0A0D0900133751 /* Release */ = {
			isa = XCBuildConfiguration;
			buildSettings = {
				ALWAYS_SEARCH_USER_PATHS = NO;
				ASSETCATALOG_COMPILER_GENERATE_SWIFT_ASSET_SYMBOL_EXTENSIONS = YES;
				CLANG_ANALYZER_NONNULL = YES;
				CLANG_ANALYZER_NUMBER_OBJECT_CONVERSION = YES_AGGRESSIVE;
				CLANG_CXX_LANGUAGE_STANDARD = "gnu++20";
				CLANG_ENABLE_MODULES = YES;
				CLANG_ENABLE_OBJC_ARC = YES;
				CLANG_ENABLE_OBJC_WEAK = YES;
				CLANG_WARN_BLOCK_CAPTURE_AUTORELEASING = YES;
				CLANG_WARN_BOOL_CONVERSION = YES;
				CLANG_WARN_COMMA = YES;
				CLANG_WARN_CONSTANT_CONVERSION = YES;
				CLANG_WARN_DEPRECATED_OBJC_IMPLEMENTATIONS = YES;
				CLANG_WARN_DIRECT_OBJC_ISA_USAGE = YES_ERROR;
				CLANG_WARN_DOCUMENTATION_COMMENTS = YES;
				CLANG_WARN_EMPTY_BODY = YES;
				CLANG_WARN_ENUM_CONVERSION = YES;
				CLANG_WARN_INFINITE_RECURSION = YES;
				CLANG_WARN_INT_CONVERSION = YES;
				CLANG_WARN_NON_LITERAL_NULL_CONVERSION = YES;
				CLANG_WARN_OBJC_IMPLICIT_RETAIN_SELF = YES;
				CLANG_WARN_OBJC_LITERAL_CONVERSION = YES;
				CLANG_WARN_OBJC_ROOT_CLASS = YES_ERROR;
				CLANG_WARN_QUOTED_INCLUDE_IN_FRAMEWORK_HEADER = YES;
				CLANG_WARN_RANGE_LOOP_ANALYSIS = YES;
				CLANG_WARN_STRICT_PROTOTYPES = YES;
				CLANG_WARN_SUSPICIOUS_MOVE = YES;
				CLANG_WARN_UNGUARDED_AVAILABILITY = YES_AGGRESSIVE;
				CLANG_WARN_UNREACHABLE_CODE = YES;
				CLANG_WARN__DUPLICATE_METHOD_MATCH = YES;
				COPY_PHASE_STRIP = NO;
				DEBUG_INFORMATION_FORMAT = "dwarf-with-dsym";
				ENABLE_NS_ASSERTIONS = NO;
				ENABLE_STRICT_OBJC_MSGSEND = YES;
				ENABLE_USER_SCRIPT_SANDBOXING = YES;
				GCC_C_LANGUAGE_STANDARD = gnu17;
				GCC_NO_COMMON_BLOCKS = YES;
				GCC_WARN_64_TO_32_BIT_CONVERSION = YES;
				GCC_WARN_ABOUT_RETURN_TYPE = YES_ERROR;
				GCC_WARN_UNDECLARED_SELECTOR = YES;
				GCC_WARN_UNINITIALIZED_AUTOS = YES_AGGRESSIVE;
				GCC_WARN_UNUSED_FUNCTION = YES;
				GCC_WARN_UNUSED_VARIABLE = YES;
				INFOPLIST_FILE = BodyLapse/Info.plist;
				LOCALIZATION_PREFERS_STRING_CATALOGS = YES;
				MTL_ENABLE_DEBUG_INFO = NO;
				MTL_FAST_MATH = YES;
				SWIFT_COMPILATION_MODE = wholemodule;
				SWIFT_OBJC_BRIDGING_HEADER = "BodyLapse/BodyLapse-Bridging-Header.h";
			};
			name = Release;
		};
		48D637B52E0A0D0900133751 /* Debug */ = {
			isa = XCBuildConfiguration;
			buildSettings = {
				ASSETCATALOG_COMPILER_APPICON_NAME = AppIcon;
				ASSETCATALOG_COMPILER_GLOBAL_ACCENT_COLOR_NAME = AccentColor;
				CODE_SIGN_ENTITLEMENTS = BodyLapse/BodyLapse.entitlements;
				CODE_SIGN_STYLE = Automatic;
				CURRENT_PROJECT_VERSION = 1;
				DEBUG_INFORMATION_FORMAT = "dwarf-with-dsym";
				DEVELOPMENT_ASSET_PATHS = "\"BodyLapse/Preview Content\"";
				DEVELOPMENT_TEAM = PG5P26J3W2;
				ENABLE_PREVIEWS = YES;
				EXCLUDED_ARCHS = "";
				FRAMEWORK_SEARCH_PATHS = "$(inherited)";
				GENERATE_INFOPLIST_FILE = YES;
				HEADER_SEARCH_PATHS = "";
				INFOPLIST_KEY_NSCameraUsageDescription = "BodyLapse needs camera access to capture your daily progress photos";
				INFOPLIST_KEY_NSFaceIDUsageDescription = "BodyLapse uses Face ID to secure your photos";
				INFOPLIST_KEY_NSHealthShareUsageDescription = "BodyLapse reads your weight and body fat data from Health to automatically track your progress";
				INFOPLIST_KEY_NSHealthUpdateUsageDescription = "BodyLapse saves your weight and body fat measurements to Health for comprehensive tracking";
				INFOPLIST_KEY_NSPhotoLibraryAddUsageDescription = "BodyLapse needs photo library access to save your photos and time-lapse videos";
				INFOPLIST_KEY_NSPhotoLibraryUsageDescription = "BodyLapse needs photo library access to save your time-lapse videos";
				INFOPLIST_KEY_UIApplicationSceneManifest_Generation = YES;
				"INFOPLIST_KEY_UIApplicationSceneManifest_Generation[sdk=iphoneos*]" = YES;
				"INFOPLIST_KEY_UIApplicationSceneManifest_Generation[sdk=iphonesimulator*]" = YES;
				INFOPLIST_KEY_UIApplicationSupportsIndirectInputEvents = YES;
				"INFOPLIST_KEY_UIApplicationSupportsIndirectInputEvents[sdk=iphoneos*]" = YES;
				"INFOPLIST_KEY_UIApplicationSupportsIndirectInputEvents[sdk=iphonesimulator*]" = YES;
				INFOPLIST_KEY_UILaunchScreen_Generation = YES;
				"INFOPLIST_KEY_UILaunchScreen_Generation[sdk=iphoneos*]" = YES;
				"INFOPLIST_KEY_UILaunchScreen_Generation[sdk=iphonesimulator*]" = YES;
				INFOPLIST_KEY_UIRequiresFullScreen = YES;
				INFOPLIST_KEY_UIStatusBarStyle = UIStatusBarStyleDefault;
				"INFOPLIST_KEY_UIStatusBarStyle[sdk=iphoneos*]" = UIStatusBarStyleDefault;
				"INFOPLIST_KEY_UIStatusBarStyle[sdk=iphonesimulator*]" = UIStatusBarStyleDefault;
				INFOPLIST_KEY_UISupportedInterfaceOrientations = UIInterfaceOrientationPortrait;
				INFOPLIST_KEY_UISupportedInterfaceOrientations_iPad = "UIInterfaceOrientationPortrait UIInterfaceOrientationPortraitUpsideDown UIInterfaceOrientationLandscapeLeft UIInterfaceOrientationLandscapeRight";
				INFOPLIST_KEY_UISupportedInterfaceOrientations_iPhone = "UIInterfaceOrientationPortrait UIInterfaceOrientationLandscapeLeft UIInterfaceOrientationLandscapeRight";
				IPHONEOS_DEPLOYMENT_TARGET = 17.6;
				LD_RUNPATH_SEARCH_PATHS = "@executable_path/Frameworks";
				"LD_RUNPATH_SEARCH_PATHS[sdk=macosx*]" = "@executable_path/../Frameworks";
				MARKETING_VERSION = 1.0;
				PRODUCT_BUNDLE_IDENTIFIER = com.J.BodyLapse;
				PRODUCT_NAME = "$(TARGET_NAME)";
				SDKROOT = iphoneos;
				SUPPORTED_PLATFORMS = "iphoneos iphonesimulator";
				SUPPORTS_MACCATALYST = NO;
				SUPPORTS_MAC_DESIGNED_FOR_IPHONE_IPAD = NO;
				SUPPORTS_XR_DESIGNED_FOR_IPHONE_IPAD = NO;
				SWIFT_EMIT_LOC_STRINGS = YES;
				SWIFT_OBJC_BRIDGING_HEADER = "BodyLapse/BodyLapse-Bridging-Header.h";
				SWIFT_VERSION = 5.0;
				TARGETED_DEVICE_FAMILY = 1;
				VALID_ARCHS = arm64;
			};
			name = Debug;
		};
		48D637B62E0A0D0900133751 /* Release */ = {
			isa = XCBuildConfiguration;
			buildSettings = {
				ASSETCATALOG_COMPILER_APPICON_NAME = AppIcon;
				ASSETCATALOG_COMPILER_GLOBAL_ACCENT_COLOR_NAME = AccentColor;
				CLANG_CXX_STANDARD_LIBRARY_HARDENING = fast;
				CODE_SIGN_ENTITLEMENTS = BodyLapse/BodyLapse.entitlements;
				CODE_SIGN_STYLE = Automatic;
				CURRENT_PROJECT_VERSION = 1;
				DEVELOPMENT_ASSET_PATHS = "\"BodyLapse/Preview Content\"";
				DEVELOPMENT_TEAM = PG5P26J3W2;
				ENABLE_PREVIEWS = YES;
				EXCLUDED_ARCHS = "";
				FRAMEWORK_SEARCH_PATHS = "$(inherited)";
				GENERATE_INFOPLIST_FILE = YES;
				HEADER_SEARCH_PATHS = "";
				INFOPLIST_KEY_NSCameraUsageDescription = "BodyLapse needs camera access to capture your daily progress photos";
				INFOPLIST_KEY_NSFaceIDUsageDescription = "BodyLapse uses Face ID to secure your photos";
				INFOPLIST_KEY_NSHealthShareUsageDescription = "BodyLapse reads your weight and body fat data from Health to automatically track your progress";
				INFOPLIST_KEY_NSHealthUpdateUsageDescription = "BodyLapse saves your weight and body fat measurements to Health for comprehensive tracking";
				INFOPLIST_KEY_NSPhotoLibraryAddUsageDescription = "BodyLapse needs photo library access to save your photos and time-lapse videos";
				INFOPLIST_KEY_NSPhotoLibraryUsageDescription = "BodyLapse needs photo library access to save your time-lapse videos";
				INFOPLIST_KEY_UIApplicationSceneManifest_Generation = YES;
				"INFOPLIST_KEY_UIApplicationSceneManifest_Generation[sdk=iphoneos*]" = YES;
				"INFOPLIST_KEY_UIApplicationSceneManifest_Generation[sdk=iphonesimulator*]" = YES;
				INFOPLIST_KEY_UIApplicationSupportsIndirectInputEvents = YES;
				"INFOPLIST_KEY_UIApplicationSupportsIndirectInputEvents[sdk=iphoneos*]" = YES;
				"INFOPLIST_KEY_UIApplicationSupportsIndirectInputEvents[sdk=iphonesimulator*]" = YES;
				INFOPLIST_KEY_UILaunchScreen_Generation = YES;
				"INFOPLIST_KEY_UILaunchScreen_Generation[sdk=iphoneos*]" = YES;
				"INFOPLIST_KEY_UILaunchScreen_Generation[sdk=iphonesimulator*]" = YES;
				INFOPLIST_KEY_UIRequiresFullScreen = YES;
				INFOPLIST_KEY_UIStatusBarStyle = UIStatusBarStyleDefault;
				"INFOPLIST_KEY_UIStatusBarStyle[sdk=iphoneos*]" = UIStatusBarStyleDefault;
				"INFOPLIST_KEY_UIStatusBarStyle[sdk=iphonesimulator*]" = UIStatusBarStyleDefault;
				INFOPLIST_KEY_UISupportedInterfaceOrientations = UIInterfaceOrientationPortrait;
				INFOPLIST_KEY_UISupportedInterfaceOrientations_iPad = "UIInterfaceOrientationPortrait UIInterfaceOrientationPortraitUpsideDown UIInterfaceOrientationLandscapeLeft UIInterfaceOrientationLandscapeRight";
				INFOPLIST_KEY_UISupportedInterfaceOrientations_iPhone = "UIInterfaceOrientationPortrait UIInterfaceOrientationLandscapeLeft UIInterfaceOrientationLandscapeRight";
				IPHONEOS_DEPLOYMENT_TARGET = 17.6;
				LD_RUNPATH_SEARCH_PATHS = "@executable_path/Frameworks";
				"LD_RUNPATH_SEARCH_PATHS[sdk=macosx*]" = "@executable_path/../Frameworks";
				MARKETING_VERSION = 1.0;
				PRODUCT_BUNDLE_IDENTIFIER = com.J.BodyLapse;
				PRODUCT_NAME = "$(TARGET_NAME)";
				SDKROOT = iphoneos;
				SUPPORTED_PLATFORMS = "iphoneos iphonesimulator";
				SUPPORTS_MACCATALYST = NO;
				SUPPORTS_MAC_DESIGNED_FOR_IPHONE_IPAD = NO;
				SUPPORTS_XR_DESIGNED_FOR_IPHONE_IPAD = NO;
				SWIFT_EMIT_LOC_STRINGS = YES;
				SWIFT_OBJC_BRIDGING_HEADER = "BodyLapse/BodyLapse-Bridging-Header.h";
				SWIFT_VERSION = 5.0;
				TARGETED_DEVICE_FAMILY = 1;
				VALID_ARCHS = arm64;
			};
			name = Release;
		};
		48D637B82E0A0D0900133751 /* Debug */ = {
			isa = XCBuildConfiguration;
			buildSettings = {
				BUNDLE_LOADER = "$(TEST_HOST)";
				CODE_SIGN_STYLE = Automatic;
				CURRENT_PROJECT_VERSION = 1;
				DEVELOPMENT_TEAM = PG5P26J3W2;
				EXCLUDED_ARCHS = "";
				GENERATE_INFOPLIST_FILE = YES;
				IPHONEOS_DEPLOYMENT_TARGET = 17.6;
				MARKETING_VERSION = 1.0;
				PRODUCT_BUNDLE_IDENTIFIER = com.J.BodyLapseTests;
				PRODUCT_NAME = "$(TARGET_NAME)";
				SDKROOT = iphoneos;
				SUPPORTED_PLATFORMS = "iphoneos iphonesimulator";
				SUPPORTS_MACCATALYST = NO;
				SUPPORTS_MAC_DESIGNED_FOR_IPHONE_IPAD = NO;
				SUPPORTS_XR_DESIGNED_FOR_IPHONE_IPAD = NO;
				SWIFT_EMIT_LOC_STRINGS = NO;
				SWIFT_VERSION = 5.0;
				TARGETED_DEVICE_FAMILY = 1;
				TEST_HOST = "$(BUILT_PRODUCTS_DIR)/BodyLapse.app/$(BUNDLE_EXECUTABLE_FOLDER_PATH)/BodyLapse";
				VALID_ARCHS = arm64;
			};
			name = Debug;
		};
		48D637B92E0A0D0900133751 /* Release */ = {
			isa = XCBuildConfiguration;
			buildSettings = {
				BUNDLE_LOADER = "$(TEST_HOST)";
				CODE_SIGN_STYLE = Automatic;
				CURRENT_PROJECT_VERSION = 1;
				DEVELOPMENT_TEAM = PG5P26J3W2;
				EXCLUDED_ARCHS = "";
				GENERATE_INFOPLIST_FILE = YES;
				IPHONEOS_DEPLOYMENT_TARGET = 17.6;
				MARKETING_VERSION = 1.0;
				PRODUCT_BUNDLE_IDENTIFIER = com.J.BodyLapseTests;
				PRODUCT_NAME = "$(TARGET_NAME)";
				SDKROOT = iphoneos;
				SUPPORTED_PLATFORMS = "iphoneos iphonesimulator";
				SUPPORTS_MACCATALYST = NO;
				SUPPORTS_MAC_DESIGNED_FOR_IPHONE_IPAD = NO;
				SUPPORTS_XR_DESIGNED_FOR_IPHONE_IPAD = NO;
				SWIFT_EMIT_LOC_STRINGS = NO;
				SWIFT_VERSION = 5.0;
				TARGETED_DEVICE_FAMILY = 1;
				TEST_HOST = "$(BUILT_PRODUCTS_DIR)/BodyLapse.app/$(BUNDLE_EXECUTABLE_FOLDER_PATH)/BodyLapse";
				VALID_ARCHS = arm64;
			};
			name = Release;
		};
		48D637BB2E0A0D0900133751 /* Debug */ = {
			isa = XCBuildConfiguration;
			buildSettings = {
				CODE_SIGN_STYLE = Automatic;
				CURRENT_PROJECT_VERSION = 1;
				DEVELOPMENT_TEAM = PG5P26J3W2;
				EXCLUDED_ARCHS = "";
				GENERATE_INFOPLIST_FILE = YES;
				IPHONEOS_DEPLOYMENT_TARGET = 17.6;
				MARKETING_VERSION = 1.0;
				PRODUCT_BUNDLE_IDENTIFIER = com.J.BodyLapseUITests;
				PRODUCT_NAME = "$(TARGET_NAME)";
				SDKROOT = iphoneos;
				SUPPORTED_PLATFORMS = "iphoneos iphonesimulator";
				SUPPORTS_MACCATALYST = NO;
				SUPPORTS_MAC_DESIGNED_FOR_IPHONE_IPAD = NO;
				SUPPORTS_XR_DESIGNED_FOR_IPHONE_IPAD = NO;
				SWIFT_EMIT_LOC_STRINGS = NO;
				SWIFT_VERSION = 5.0;
				TARGETED_DEVICE_FAMILY = 1;
				TEST_TARGET_NAME = BodyLapse;
				VALID_ARCHS = arm64;
			};
			name = Debug;
		};
		48D637BC2E0A0D0900133751 /* Release */ = {
			isa = XCBuildConfiguration;
			buildSettings = {
				CODE_SIGN_STYLE = Automatic;
				CURRENT_PROJECT_VERSION = 1;
				DEVELOPMENT_TEAM = PG5P26J3W2;
				EXCLUDED_ARCHS = "";
				GENERATE_INFOPLIST_FILE = YES;
				IPHONEOS_DEPLOYMENT_TARGET = 17.6;
				MARKETING_VERSION = 1.0;
				PRODUCT_BUNDLE_IDENTIFIER = com.J.BodyLapseUITests;
				PRODUCT_NAME = "$(TARGET_NAME)";
				SDKROOT = iphoneos;
				SUPPORTED_PLATFORMS = "iphoneos iphonesimulator";
				SUPPORTS_MACCATALYST = NO;
				SUPPORTS_MAC_DESIGNED_FOR_IPHONE_IPAD = NO;
				SUPPORTS_XR_DESIGNED_FOR_IPHONE_IPAD = NO;
				SWIFT_EMIT_LOC_STRINGS = NO;
				SWIFT_VERSION = 5.0;
				TARGETED_DEVICE_FAMILY = 1;
				TEST_TARGET_NAME = BodyLapse;
				VALID_ARCHS = arm64;
			};
			name = Release;
		};
/* End XCBuildConfiguration section */

/* Begin XCConfigurationList section */
		48D6378A2E0A0D0800133751 /* Build configuration list for PBXProject "BodyLapse" */ = {
			isa = XCConfigurationList;
			buildConfigurations = (
				48D637B22E0A0D0900133751 /* Debug */,
				48D637B32E0A0D0900133751 /* Release */,
			);
			defaultConfigurationIsVisible = 0;
			defaultConfigurationName = Release;
		};
		48D637B42E0A0D0900133751 /* Build configuration list for PBXNativeTarget "BodyLapse" */ = {
			isa = XCConfigurationList;
			buildConfigurations = (
				48D637B52E0A0D0900133751 /* Debug */,
				48D637B62E0A0D0900133751 /* Release */,
			);
			defaultConfigurationIsVisible = 0;
			defaultConfigurationName = Release;
		};
		48D637B72E0A0D0900133751 /* Build configuration list for PBXNativeTarget "BodyLapseTests" */ = {
			isa = XCConfigurationList;
			buildConfigurations = (
				48D637B82E0A0D0900133751 /* Debug */,
				48D637B92E0A0D0900133751 /* Release */,
			);
			defaultConfigurationIsVisible = 0;
			defaultConfigurationName = Release;
		};
		48D637BA2E0A0D0900133751 /* Build configuration list for PBXNativeTarget "BodyLapseUITests" */ = {
			isa = XCConfigurationList;
			buildConfigurations = (
				48D637BB2E0A0D0900133751 /* Debug */,
				48D637BC2E0A0D0900133751 /* Release */,
			);
			defaultConfigurationIsVisible = 0;
			defaultConfigurationName = Release;
		};
/* End XCConfigurationList section */

/* Begin XCRemoteSwiftPackageReference section */
		484212452E0B8988001390A9 /* XCRemoteSwiftPackageReference "swift-package-manager-google-mobile-ads" */ = {
			isa = XCRemoteSwiftPackageReference;
			repositoryURL = "https://github.com/googleads/swift-package-manager-google-mobile-ads";
			requirement = {
				kind = upToNextMajorVersion;
				minimumVersion = 12.6.0;
			};
		};
		4858EF342E12F56E0085BE55 /* XCRemoteSwiftPackageReference "opencv-spm" */ = {
			isa = XCRemoteSwiftPackageReference;
			repositoryURL = "https://github.com/yeatse/opencv-spm.git";
			requirement = {
				kind = upToNextMajorVersion;
				minimumVersion = 4.11.0;
			};
		};
/* End XCRemoteSwiftPackageReference section */

/* Begin XCSwiftPackageProductDependency section */
		484212C22E0B8F56001390A9 /* GoogleMobileAds */ = {
			isa = XCSwiftPackageProductDependency;
			package = 484212452E0B8988001390A9 /* XCRemoteSwiftPackageReference "swift-package-manager-google-mobile-ads" */;
			productName = GoogleMobileAds;
		};
		4858EF352E12F56E0085BE55 /* OpenCV */ = {
			isa = XCSwiftPackageProductDependency;
			package = 4858EF342E12F56E0085BE55 /* XCRemoteSwiftPackageReference "opencv-spm" */;
			productName = OpenCV;
		};
/* End XCSwiftPackageProductDependency section */
	};
	rootObject = 48D637872E0A0D0800133751 /* Project object */;
}
